// !$*UTF8*$!
{
	archiveVersion = 1;
	classes = {
	};
	objectVersion = 56;
	objects = {

/* Begin PBXBuildFile section */
		9ABB88DC2B83B84F000606B4 /* FrameworkGridView.swift in Sources */ = {isa = PBXBuildFile; fileRef = 9ABB88DB2B83B84F000606B4 /* FrameworkGridView.swift */; };
		9ABB88DE2B84046A000606B4 /* FrameworkDetailView.swift in Sources */ = {isa = PBXBuildFile; fileRef = 9ABB88DD2B84046A000606B4 /* FrameworkDetailView.swift */; };
		9ABB88E02B840739000606B4 /* AFButton.swift in Sources */ = {isa = PBXBuildFile; fileRef = 9ABB88DF2B840739000606B4 /* AFButton.swift */; };
		9ABB88E22B840A50000606B4 /* FrameworkGridViewModel.swift in Sources */ = {isa = PBXBuildFile; fileRef = 9ABB88E12B840A50000606B4 /* FrameworkGridViewModel.swift */; };
		9ABB88E42B851C8A000606B4 /* SafariView.swift in Sources */ = {isa = PBXBuildFile; fileRef = 9ABB88E32B851C8A000606B4 /* SafariView.swift */; };
		9ABB88E82B8520CC000606B4 /* FrameworkTitleView.swift in Sources */ = {isa = PBXBuildFile; fileRef = 9ABB88E72B8520CC000606B4 /* FrameworkTitleView.swift */; };
		9ABB88EA2B852144000606B4 /* XDismissButton.swift in Sources */ = {isa = PBXBuildFile; fileRef = 9ABB88E92B852144000606B4 /* XDismissButton.swift */; };
		9ACB36AC2B800DE30060B087 /* Apple_FrameworksApp.swift in Sources */ = {isa = PBXBuildFile; fileRef = 9ACB36AB2B800DE30060B087 /* Apple_FrameworksApp.swift */; };
		9ACB36B02B800DE40060B087 /* Assets.xcassets in Resources */ = {isa = PBXBuildFile; fileRef = 9ACB36AF2B800DE40060B087 /* Assets.xcassets */; };
		9ACB36B32B800DE40060B087 /* Preview Assets.xcassets in Resources */ = {isa = PBXBuildFile; fileRef = 9ACB36B22B800DE40060B087 /* Preview Assets.xcassets */; };
		9ACB36BA2B80117F0060B087 /* Framework.swift in Sources */ = {isa = PBXBuildFile; fileRef = 9ACB36B92B80117F0060B087 /* Framework.swift */; };
		9AF164E92B8FFA9B00AD488B /* FrameworkDetailViewModel.swift in Sources */ = {isa = PBXBuildFile; fileRef = 9AF164E82B8FFA9B00AD488B /* FrameworkDetailViewModel.swift */; };
/* End PBXBuildFile section */

/* Begin PBXFileReference section */
		9ABB88DB2B83B84F000606B4 /* FrameworkGridView.swift */ = {isa = PBXFileReference; lastKnownFileType = sourcecode.swift; path = FrameworkGridView.swift; sourceTree = "<group>"; };
		9ABB88DD2B84046A000606B4 /* FrameworkDetailView.swift */ = {isa = PBXFileReference; lastKnownFileType = sourcecode.swift; path = FrameworkDetailView.swift; sourceTree = "<group>"; };
		9ABB88DF2B840739000606B4 /* AFButton.swift */ = {isa = PBXFileReference; lastKnownFileType = sourcecode.swift; path = AFButton.swift; sourceTree = "<group>"; };
		9ABB88E12B840A50000606B4 /* FrameworkGridViewModel.swift */ = {isa = PBXFileReference; lastKnownFileType = sourcecode.swift; path = FrameworkGridViewModel.swift; sourceTree = "<group>"; };
		9ABB88E32B851C8A000606B4 /* SafariView.swift */ = {isa = PBXFileReference; lastKnownFileType = sourcecode.swift; path = SafariView.swift; sourceTree = "<group>"; };
		9ABB88E72B8520CC000606B4 /* FrameworkTitleView.swift */ = {isa = PBXFileReference; lastKnownFileType = sourcecode.swift; path = FrameworkTitleView.swift; sourceTree = "<group>"; };
		9ABB88E92B852144000606B4 /* XDismissButton.swift */ = {isa = PBXFileReference; lastKnownFileType = sourcecode.swift; path = XDismissButton.swift; sourceTree = "<group>"; };
		9ACB36A82B800DE30060B087 /* Apple-Frameworks.app */ = {isa = PBXFileReference; explicitFileType = wrapper.application; includeInIndex = 0; path = "Apple-Frameworks.app"; sourceTree = BUILT_PRODUCTS_DIR; };
		9ACB36AB2B800DE30060B087 /* Apple_FrameworksApp.swift */ = {isa = PBXFileReference; lastKnownFileType = sourcecode.swift; path = Apple_FrameworksApp.swift; sourceTree = "<group>"; };
		9ACB36AF2B800DE40060B087 /* Assets.xcassets */ = {isa = PBXFileReference; lastKnownFileType = folder.assetcatalog; path = Assets.xcassets; sourceTree = "<group>"; };
		9ACB36B22B800DE40060B087 /* Preview Assets.xcassets */ = {isa = PBXFileReference; lastKnownFileType = folder.assetcatalog; path = "Preview Assets.xcassets"; sourceTree = "<group>"; };
		9ACB36B92B80117F0060B087 /* Framework.swift */ = {isa = PBXFileReference; lastKnownFileType = sourcecode.swift; path = Framework.swift; sourceTree = "<group>"; };
		9AF164E82B8FFA9B00AD488B /* FrameworkDetailViewModel.swift */ = {isa = PBXFileReference; lastKnownFileType = sourcecode.swift; path = FrameworkDetailViewModel.swift; sourceTree = "<group>"; };
/* End PBXFileReference section */

/* Begin PBXFrameworksBuildPhase section */
		9ACB36A52B800DE30060B087 /* Frameworks */ = {
			isa = PBXFrameworksBuildPhase;
			buildActionMask = 2147483647;
			files = (
			);
			runOnlyForDeploymentPostprocessing = 0;
		};
/* End PBXFrameworksBuildPhase section */

/* Begin PBXGroup section */
		9ABB88EB2B85248E000606B4 /* Screens */ = {
			isa = PBXGroup;
			children = (
				9ABB88EC2B8524C7000606B4 /* FrameworkGridView */,
				9ABB88ED2B852506000606B4 /* FrameworkDetailView */,
			);
			path = Screens;
			sourceTree = "<group>";
		};
		9ABB88EC2B8524C7000606B4 /* FrameworkGridView */ = {
			isa = PBXGroup;
			children = (
				9ABB88E12B840A50000606B4 /* FrameworkGridViewModel.swift */,
				9ABB88DB2B83B84F000606B4 /* FrameworkGridView.swift */,
			);
			path = FrameworkGridView;
			sourceTree = "<group>";
		};
		9ABB88ED2B852506000606B4 /* FrameworkDetailView */ = {
			isa = PBXGroup;
			children = (
				9AF164E82B8FFA9B00AD488B /* FrameworkDetailViewModel.swift */,
				9ABB88DD2B84046A000606B4 /* FrameworkDetailView.swift */,
			);
			path = FrameworkDetailView;
			sourceTree = "<group>";
		};
		9ABB88EE2B852524000606B4 /* Model */ = {
			isa = PBXGroup;
			children = (
				9ACB36B92B80117F0060B087 /* Framework.swift */,
			);
			path = Model;
			sourceTree = "<group>";
		};
		9ABB88EF2B85254B000606B4 /* Views */ = {
			isa = PBXGroup;
			children = (
				9ABB88F12B8525AF000606B4 /* Buttons */,
				9ABB88F02B85255B000606B4 /* View */,
			);
			path = Views;
			sourceTree = "<group>";
		};
		9ABB88F02B85255B000606B4 /* View */ = {
			isa = PBXGroup;
			children = (
				9ABB88E72B8520CC000606B4 /* FrameworkTitleView.swift */,
			);
			path = View;
			sourceTree = "<group>";
		};
		9ABB88F12B8525AF000606B4 /* Buttons */ = {
			isa = PBXGroup;
			children = (
				9ABB88DF2B840739000606B4 /* AFButton.swift */,
				9ABB88E92B852144000606B4 /* XDismissButton.swift */,
			);
			path = Buttons;
			sourceTree = "<group>";
		};
		9ABB88F22B8525DE000606B4 /* UIKit Components */ = {
			isa = PBXGroup;
			children = (
				9ABB88E32B851C8A000606B4 /* SafariView.swift */,
			);
			path = "UIKit Components";
			sourceTree = "<group>";
		};
		9ACB369F2B800DE30060B087 = {
			isa = PBXGroup;
			children = (
				9ACB36AA2B800DE30060B087 /* Apple-Frameworks */,
				9ACB36A92B800DE30060B087 /* Products */,
			);
			sourceTree = "<group>";
		};
		9ACB36A92B800DE30060B087 /* Products */ = {
			isa = PBXGroup;
			children = (
				9ACB36A82B800DE30060B087 /* Apple-Frameworks.app */,
			);
			name = Products;
			sourceTree = "<group>";
		};
		9ACB36AA2B800DE30060B087 /* Apple-Frameworks */ = {
			isa = PBXGroup;
			children = (
				9ABB88EE2B852524000606B4 /* Model */,
				9ABB88F22B8525DE000606B4 /* UIKit Components */,
				9ABB88EF2B85254B000606B4 /* Views */,
				9ABB88EB2B85248E000606B4 /* Screens */,
				9ACB36AB2B800DE30060B087 /* Apple_FrameworksApp.swift */,
				9ACB36AF2B800DE40060B087 /* Assets.xcassets */,
				9ACB36B12B800DE40060B087 /* Preview Content */,
			);
			path = "Apple-Frameworks";
			sourceTree = "<group>";
		};
		9ACB36B12B800DE40060B087 /* Preview Content */ = {
			isa = PBXGroup;
			children = (
				9ACB36B22B800DE40060B087 /* Preview Assets.xcassets */,
			);
			path = "Preview Content";
			sourceTree = "<group>";
		};
/* End PBXGroup section */

/* Begin PBXNativeTarget section */
		9ACB36A72B800DE30060B087 /* Apple-Frameworks */ = {
			isa = PBXNativeTarget;
			buildConfigurationList = 9ACB36B62B800DE40060B087 /* Build configuration list for PBXNativeTarget "Apple-Frameworks" */;
			buildPhases = (
				9ACB36A42B800DE30060B087 /* Sources */,
				9ACB36A52B800DE30060B087 /* Frameworks */,
				9ACB36A62B800DE30060B087 /* Resources */,
			);
			buildRules = (
			);
			dependencies = (
			);
			name = "Apple-Frameworks";
			productName = "Apple-Frameworks";
			productReference = 9ACB36A82B800DE30060B087 /* Apple-Frameworks.app */;
			productType = "com.apple.product-type.application";
		};
/* End PBXNativeTarget section */

/* Begin PBXProject section */
		9ACB36A02B800DE30060B087 /* Project object */ = {
			isa = PBXProject;
			attributes = {
				BuildIndependentTargetsInParallel = 1;
				LastSwiftUpdateCheck = 1520;
				LastUpgradeCheck = 1520;
				TargetAttributes = {
					9ACB36A72B800DE30060B087 = {
						CreatedOnToolsVersion = 15.2;
					};
				};
			};
			buildConfigurationList = 9ACB36A32B800DE30060B087 /* Build configuration list for PBXProject "Apple-Frameworks" */;
			compatibilityVersion = "Xcode 14.0";
			developmentRegion = en;
			hasScannedForEncodings = 0;
			knownRegions = (
				en,
				Base,
			);
			mainGroup = 9ACB369F2B800DE30060B087;
			productRefGroup = 9ACB36A92B800DE30060B087 /* Products */;
			projectDirPath = "";
			projectRoot = "";
			targets = (
				9ACB36A72B800DE30060B087 /* Apple-Frameworks */,
			);
		};
/* End PBXProject section */

/* Begin PBXResourcesBuildPhase section */
		9ACB36A62B800DE30060B087 /* Resources */ = {
			isa = PBXResourcesBuildPhase;
			buildActionMask = 2147483647;
			files = (
				9ACB36B32B800DE40060B087 /* Preview Assets.xcassets in Resources */,
				9ACB36B02B800DE40060B087 /* Assets.xcassets in Resources */,
			);
			runOnlyForDeploymentPostprocessing = 0;
		};
/* End PBXResourcesBuildPhase section */

/* Begin PBXSourcesBuildPhase section */
		9ACB36A42B800DE30060B087 /* Sources */ = {
			isa = PBXSourcesBuildPhase;
			buildActionMask = 2147483647;
			files = (
				9AF164E92B8FFA9B00AD488B /* FrameworkDetailViewModel.swift in Sources */,
				9ABB88DE2B84046A000606B4 /* FrameworkDetailView.swift in Sources */,
				9ABB88DC2B83B84F000606B4 /* FrameworkGridView.swift in Sources */,
				9ABB88EA2B852144000606B4 /* XDismissButton.swift in Sources */,
				9ACB36BA2B80117F0060B087 /* Framework.swift in Sources */,
				9ABB88E02B840739000606B4 /* AFButton.swift in Sources */,
				9ACB36AC2B800DE30060B087 /* Apple_FrameworksApp.swift in Sources */,
				9ABB88E22B840A50000606B4 /* FrameworkGridViewModel.swift in Sources */,
				9ABB88E82B8520CC000606B4 /* FrameworkTitleView.swift in Sources */,
				9ABB88E42B851C8A000606B4 /* SafariView.swift in Sources */,
			);
			runOnlyForDeploymentPostprocessing = 0;
		};
/* End PBXSourcesBuildPhase section */

/* Begin XCBuildConfiguration section */
		9ACB36B42B800DE40060B087 /* Debug */ = {
			isa = XCBuildConfiguration;
			buildSettings = {
				ALWAYS_SEARCH_USER_PATHS = NO;
				ASSETCATALOG_COMPILER_GENERATE_SWIFT_ASSET_SYMBOL_EXTENSIONS = YES;
				CLANG_ANALYZER_NONNULL = YES;
				CLANG_ANALYZER_NUMBER_OBJECT_CONVERSION = YES_AGGRESSIVE;
				CLANG_CXX_LANGUAGE_STANDARD = "gnu++20";
				CLANG_ENABLE_MODULES = YES;
				CLANG_ENABLE_OBJC_ARC = YES;
				CLANG_ENABLE_OBJC_WEAK = YES;
				CLANG_WARN_BLOCK_CAPTURE_AUTORELEASING = YES;
				CLANG_WARN_BOOL_CONVERSION = YES;
				CLANG_WARN_COMMA = YES;
				CLANG_WARN_CONSTANT_CONVERSION = YES;
				CLANG_WARN_DEPRECATED_OBJC_IMPLEMENTATIONS = YES;
				CLANG_WARN_DIRECT_OBJC_ISA_USAGE = YES_ERROR;
				CLANG_WARN_DOCUMENTATION_COMMENTS = YES;
				CLANG_WARN_EMPTY_BODY = YES;
				CLANG_WARN_ENUM_CONVERSION = YES;
				CLANG_WARN_INFINITE_RECURSION = YES;
				CLANG_WARN_INT_CONVERSION = YES;
				CLANG_WARN_NON_LITERAL_NULL_CONVERSION = YES;
				CLANG_WARN_OBJC_IMPLICIT_RETAIN_SELF = YES;
				CLANG_WARN_OBJC_LITERAL_CONVERSION = YES;
				CLANG_WARN_OBJC_ROOT_CLASS = YES_ERROR;
				CLANG_WARN_QUOTED_INCLUDE_IN_FRAMEWORK_HEADER = YES;
				CLANG_WARN_RANGE_LOOP_ANALYSIS = YES;
				CLANG_WARN_STRICT_PROTOTYPES = YES;
				CLANG_WARN_SUSPICIOUS_MOVE = YES;
				CLANG_WARN_UNGUARDED_AVAILABILITY = YES_AGGRESSIVE;
				CLANG_WARN_UNREACHABLE_CODE = YES;
				CLANG_WARN__DUPLICATE_METHOD_MATCH = YES;
				COPY_PHASE_STRIP = NO;
				DEBUG_INFORMATION_FORMAT = dwarf;
				ENABLE_STRICT_OBJC_MSGSEND = YES;
				ENABLE_TESTABILITY = YES;
				ENABLE_USER_SCRIPT_SANDBOXING = YES;
				GCC_C_LANGUAGE_STANDARD = gnu17;
				GCC_DYNAMIC_NO_PIC = NO;
				GCC_NO_COMMON_BLOCKS = YES;
				GCC_OPTIMIZATION_LEVEL = 0;
				GCC_PREPROCESSOR_DEFINITIONS = (
					"DEBUG=1",
					"$(inherited)",
				);
				GCC_WARN_64_TO_32_BIT_CONVERSION = YES;
				GCC_WARN_ABOUT_RETURN_TYPE = YES_ERROR;
				GCC_WARN_UNDECLARED_SELECTOR = YES;
				GCC_WARN_UNINITIALIZED_AUTOS = YES_AGGRESSIVE;
				GCC_WARN_UNUSED_FUNCTION = YES;
				GCC_WARN_UNUSED_VARIABLE = YES;
				IPHONEOS_DEPLOYMENT_TARGET = 17.2;
				LOCALIZATION_PREFERS_STRING_CATALOGS = YES;
				MTL_ENABLE_DEBUG_INFO = INCLUDE_SOURCE;
				MTL_FAST_MATH = YES;
				ONLY_ACTIVE_ARCH = YES;
				SDKROOT = iphoneos;
				SWIFT_ACTIVE_COMPILATION_CONDITIONS = "DEBUG $(inherited)";
				SWIFT_OPTIMIZATION_LEVEL = "-Onone";
			};
			name = Debug;
		};
		9ACB36B52B800DE40060B087 /* Release */ = {
			isa = XCBuildConfiguration;
			buildSettings = {
				ALWAYS_SEARCH_USER_PATHS = NO;
				ASSETCATALOG_COMPILER_GENERATE_SWIFT_ASSET_SYMBOL_EXTENSIONS = YES;
				CLANG_ANALYZER_NONNULL = YES;
				CLANG_ANALYZER_NUMBER_OBJECT_CONVERSION = YES_AGGRESSIVE;
				CLANG_CXX_LANGUAGE_STANDARD = "gnu++20";
				CLANG_ENABLE_MODULES = YES;
				CLANG_ENABLE_OBJC_ARC = YES;
				CLANG_ENABLE_OBJC_WEAK = YES;
				CLANG_WARN_BLOCK_CAPTURE_AUTORELEASING = YES;
				CLANG_WARN_BOOL_CONVERSION = YES;
				CLANG_WARN_COMMA = YES;
				CLANG_WARN_CONSTANT_CONVERSION = YES;
				CLANG_WARN_DEPRECATED_OBJC_IMPLEMENTATIONS = YES;
				CLANG_WARN_DIRECT_OBJC_ISA_USAGE = YES_ERROR;
				CLANG_WARN_DOCUMENTATION_COMMENTS = YES;
				CLANG_WARN_EMPTY_BODY = YES;
				CLANG_WARN_ENUM_CONVERSION = YES;
				CLANG_WARN_INFINITE_RECURSION = YES;
				CLANG_WARN_INT_CONVERSION = YES;
				CLANG_WARN_NON_LITERAL_NULL_CONVERSION = YES;
				CLANG_WARN_OBJC_IMPLICIT_RETAIN_SELF = YES;
				CLANG_WARN_OBJC_LITERAL_CONVERSION = YES;
				CLANG_WARN_OBJC_ROOT_CLASS = YES_ERROR;
				CLANG_WARN_QUOTED_INCLUDE_IN_FRAMEWORK_HEADER = YES;
				CLANG_WARN_RANGE_LOOP_ANALYSIS = YES;
				CLANG_WARN_STRICT_PROTOTYPES = YES;
				CLANG_WARN_SUSPICIOUS_MOVE = YES;
				CLANG_WARN_UNGUARDED_AVAILABILITY = YES_AGGRESSIVE;
				CLANG_WARN_UNREACHABLE_CODE = YES;
				CLANG_WARN__DUPLICATE_METHOD_MATCH = YES;
				COPY_PHASE_STRIP = NO;
				DEBUG_INFORMATION_FORMAT = "dwarf-with-dsym";
				ENABLE_NS_ASSERTIONS = NO;
				ENABLE_STRICT_OBJC_MSGSEND = YES;
				ENABLE_USER_SCRIPT_SANDBOXING = YES;
				GCC_C_LANGUAGE_STANDARD = gnu17;
				GCC_NO_COMMON_BLOCKS = YES;
				GCC_WARN_64_TO_32_BIT_CONVERSION = YES;
				GCC_WARN_ABOUT_RETURN_TYPE = YES_ERROR;
				GCC_WARN_UNDECLARED_SELECTOR = YES;
				GCC_WARN_UNINITIALIZED_AUTOS = YES_AGGRESSIVE;
				GCC_WARN_UNUSED_FUNCTION = YES;
				GCC_WARN_UNUSED_VARIABLE = YES;
				IPHONEOS_DEPLOYMENT_TARGET = 17.2;
				LOCALIZATION_PREFERS_STRING_CATALOGS = YES;
				MTL_ENABLE_DEBUG_INFO = NO;
				MTL_FAST_MATH = YES;
				SDKROOT = iphoneos;
				SWIFT_COMPILATION_MODE = wholemodule;
				VALIDATE_PRODUCT = YES;
			};
			name = Release;
		};
		9ACB36B72B800DE40060B087 /* Debug */ = {
			isa = XCBuildConfiguration;
			buildSettings = {
				ASSETCATALOG_COMPILER_APPICON_NAME = AppIcon;
				ASSETCATALOG_COMPILER_GLOBAL_ACCENT_COLOR_NAME = AccentColor;
				CODE_SIGN_STYLE = Automatic;
				CURRENT_PROJECT_VERSION = 1;
				DEVELOPMENT_ASSET_PATHS = "\"Apple-Frameworks/Preview Content\"";
				DEVELOPMENT_TEAM = R7LRGZFY5Y;
				ENABLE_PREVIEWS = YES;
				GENERATE_INFOPLIST_FILE = YES;
				INFOPLIST_KEY_UIApplicationSceneManifest_Generation = YES;
				INFOPLIST_KEY_UIApplicationSupportsIndirectInputEvents = YES;
				INFOPLIST_KEY_UILaunchScreen_Generation = YES;
				INFOPLIST_KEY_UISupportedInterfaceOrientations_iPad = "UIInterfaceOrientationPortrait UIInterfaceOrientationPortraitUpsideDown UIInterfaceOrientationLandscapeLeft UIInterfaceOrientationLandscapeRight";
				INFOPLIST_KEY_UISupportedInterfaceOrientations_iPhone = "UIInterfaceOrientationPortrait UIInterfaceOrientationLandscapeLeft UIInterfaceOrientationLandscapeRight";
				LD_RUNPATH_SEARCH_PATHS = (
					"$(inherited)",
					"@executable_path/Frameworks",
				);
				MARKETING_VERSION = 1.0;
				PRODUCT_BUNDLE_IDENTIFIER = "emdub.Apple-Frameworks";
				PRODUCT_NAME = "$(TARGET_NAME)";
				SWIFT_EMIT_LOC_STRINGS = YES;
				SWIFT_VERSION = 5.0;
				TARGETED_DEVICE_FAMILY = "1,2";
			};
			name = Debug;
		};
		9ACB36B82B800DE40060B087 /* Release */ = {
			isa = XCBuildConfiguration;
			buildSettings = {
				ASSETCATALOG_COMPILER_APPICON_NAME = AppIcon;
				ASSETCATALOG_COMPILER_GLOBAL_ACCENT_COLOR_NAME = AccentColor;
				CODE_SIGN_STYLE = Automatic;
				CURRENT_PROJECT_VERSION = 1;
				DEVELOPMENT_ASSET_PATHS = "\"Apple-Frameworks/Preview Content\"";
				DEVELOPMENT_TEAM = R7LRGZFY5Y;
				ENABLE_PREVIEWS = YES;
				GENERATE_INFOPLIST_FILE = YES;
				INFOPLIST_KEY_UIApplicationSceneManifest_Generation = YES;
				INFOPLIST_KEY_UIApplicationSupportsIndirectInputEvents = YES;
				INFOPLIST_KEY_UILaunchScreen_Generation = YES;
				INFOPLIST_KEY_UISupportedInterfaceOrientations_iPad = "UIInterfaceOrientationPortrait UIInterfaceOrientationPortraitUpsideDown UIInterfaceOrientationLandscapeLeft UIInterfaceOrientationLandscapeRight";
				INFOPLIST_KEY_UISupportedInterfaceOrientations_iPhone = "UIInterfaceOrientationPortrait UIInterfaceOrientationLandscapeLeft UIInterfaceOrientationLandscapeRight";
				LD_RUNPATH_SEARCH_PATHS = (
					"$(inherited)",
					"@executable_path/Frameworks",
				);
				MARKETING_VERSION = 1.0;
				PRODUCT_BUNDLE_IDENTIFIER = "emdub.Apple-Frameworks";
				PRODUCT_NAME = "$(TARGET_NAME)";
				SWIFT_EMIT_LOC_STRINGS = YES;
				SWIFT_VERSION = 5.0;
				TARGETED_DEVICE_FAMILY = "1,2";
			};
			name = Release;
		};
/* End XCBuildConfiguration section */

/* Begin XCConfigurationList section */
		9ACB36A32B800DE30060B087 /* Build configuration list for PBXProject "Apple-Frameworks" */ = {
			isa = XCConfigurationList;
			buildConfigurations = (
				9ACB36B42B800DE40060B087 /* Debug */,
				9ACB36B52B800DE40060B087 /* Release */,
			);
			defaultConfigurationIsVisible = 0;
			defaultConfigurationName = Release;
		};
		9ACB36B62B800DE40060B087 /* Build configuration list for PBXNativeTarget "Apple-Frameworks" */ = {
			isa = XCConfigurationList;
			buildConfigurations = (
				9ACB36B72B800DE40060B087 /* Debug */,
				9ACB36B82B800DE40060B087 /* Release */,
			);
			defaultConfigurationIsVisible = 0;
			defaultConfigurationName = Release;
		};
/* End XCConfigurationList section */
	};
	rootObject = 9ACB36A02B800DE30060B087 /* Project object */;
}
